github.com/trwk76/go-code v0.2.0 h1:1TSFkOAO6dk5bTbO0rWsAncNVOqIt8GnRgHv12NCwKE=
github.com/trwk76/go-code v0.2.0/go.mod h1:6hiJgTf37y0lVO0G6Uh6XOpTgfzdVUvKH3xA2e8nwds=
github.com/trwk76/go-code v0.2.3 h1:Ne2xwvdDFTPvHh9Y41dNSHpYX8AETmNQ3byeklL7QC0=
github.com/trwk76/go-code v0.2.3/go.mod h1:6hiJgTf37y0lVO0G6Uh6XOpTgfzdVUvKH3xA2e8nwds=
